
Microsoft Visual Studio Solution File, Format Version 11.00
# Visual Web Developer Express 2010
Project("{E24C65DC-7377-472B-9ABA-BC803B73C61A}") = "CS5226", "CS5226\", "{B0C5C201-133F-4805-96BE-DFE4DA725444}"
	ProjectSection(WebsiteProperties) = preProject
		TargetFrameworkMoniker = ".NETFramework,Version%3Dv4.0"
		Debug.AspNetCompiler.VirtualPath = "/CS5226"
		Debug.AspNetCompiler.PhysicalPath = "CS5226\"
		Debug.AspNetCompiler.TargetPath = "PrecompiledWeb\CS5226\"
		Debug.AspNetCompiler.Updateable = "true"
		Debug.AspNetCompiler.ForceOverwrite = "true"
		Debug.AspNetCompiler.FixedNames = "false"
		Debug.AspNetCompiler.Debug = "True"
		Release.AspNetCompiler.VirtualPath = "/CS5226"
		Release.AspNetCompiler.PhysicalPath = "CS5226\"
		Release.AspNetCompiler.TargetPath = "PrecompiledWeb\CS5226\"
		Release.AspNetCompiler.Updateable = "true"
		Release.AspNetCompiler.ForceOverwrite = "true"
		Release.AspNetCompiler.FixedNames = "false"
		Release.AspNetCompiler.Debug = "False"
		VWDPort = "1359"
		DefaultWebSiteLanguage = "Visual Basic"
	EndProjectSection
EndProject
Global
	GlobalSection(SolutionConfigurationPlatforms) = preSolution
		Debug|Any CPU = Debug|Any CPU
		Release|Any CPU = Release|Any CPU
	EndGlobalSection
	GlobalSection(ProjectConfigurationPlatforms) = postSolution
		{B0C5C201-133F-4805-96BE-DFE4DA725444}.Debug|Any CPU.ActiveCfg = Debug|Any CPU
		{B0C5C201-133F-4805-96BE-DFE4DA725444}.Debug|Any CPU.Build.0 = Debug|Any CPU
		{B0C5C201-133F-4805-96BE-DFE4DA725444}.Release|Any CPU.ActiveCfg = Debug|Any CPU
	EndGlobalSection
	GlobalSection(SolutionProperties) = preSolution
		HideSolutionNode = FALSE
	EndGlobalSection
EndGlobal
